
Microsoft Visual Studio Solution File, Format Version 12.00
# Visual Studio 15
VisualStudioVersion = 15.0.26730.12
MinimumVisualStudioVersion = 10.0.40219.1
Project("{FAE04EC0-301F-11D3-BF4B-00C04F79EFBC}") = "ProDealsMI.Core", "ProDealsMI.Core\ProDealsMI.Core.csproj", "{9862938B-1E17-44FE-8848-C298FC37966B}"
EndProject
Project("{FAE04EC0-301F-11D3-BF4B-00C04F79EFBC}") = "ProDealsMI.Infrastructure", "ProDealsMI.Infrastructure\ProDealsMI.Infrastructure.csproj", "{23574D7A-E8A7-4457-9440-95F784003456}"
EndProject
Project("{FAE04EC0-301F-11D3-BF4B-00C04F79EFBC}") = "ProDealsMI.Test", "ProDealsMI.Test\ProDealsMI.Test.csproj", "{C836C000-8F70-4E4F-A6FD-FCB91FF1AB80}"
EndProject
Global
	GlobalSection(SolutionConfigurationPlatforms) = preSolution
		Debug|Any CPU = Debug|Any CPU
		Release|Any CPU = Release|Any CPU
	EndGlobalSection
	GlobalSection(ProjectConfigurationPlatforms) = postSolution
		{9862938B-1E17-44FE-8848-C298FC37966B}.Debug|Any CPU.ActiveCfg = Debug|Any CPU
		{9862938B-1E17-44FE-8848-C298FC37966B}.Debug|Any CPU.Build.0 = Debug|Any CPU
		{9862938B-1E17-44FE-8848-C298FC37966B}.Release|Any CPU.ActiveCfg = Release|Any CPU
		{9862938B-1E17-44FE-8848-C298FC37966B}.Release|Any CPU.Build.0 = Release|Any CPU
		{23574D7A-E8A7-4457-9440-95F784003456}.Debug|Any CPU.ActiveCfg = Debug|Any CPU
		{23574D7A-E8A7-4457-9440-95F784003456}.Debug|Any CPU.Build.0 = Debug|Any CPU
		{23574D7A-E8A7-4457-9440-95F784003456}.Release|Any CPU.ActiveCfg = Release|Any CPU
		{23574D7A-E8A7-4457-9440-95F784003456}.Release|Any CPU.Build.0 = Release|Any CPU
		{C836C000-8F70-4E4F-A6FD-FCB91FF1AB80}.Debug|Any CPU.ActiveCfg = Debug|Any CPU
		{C836C000-8F70-4E4F-A6FD-FCB91FF1AB80}.Debug|Any CPU.Build.0 = Debug|Any CPU
		{C836C000-8F70-4E4F-A6FD-FCB91FF1AB80}.Release|Any CPU.ActiveCfg = Release|Any CPU
		{C836C000-8F70-4E4F-A6FD-FCB91FF1AB80}.Release|Any CPU.Build.0 = Release|Any CPU
	EndGlobalSection
	GlobalSection(SolutionProperties) = preSolution
		HideSolutionNode = FALSE
	EndGlobalSection
	GlobalSection(ExtensibilityGlobals) = postSolution
		SolutionGuid = {E585D710-ABB0-462C-9643-74E09483096F}
	EndGlobalSection
EndGlobal
